
Microsoft Visual Studio Solution File, Format Version 12.00
# Visual Studio Version 16
VisualStudioVersion = 16.0.29905.134
MinimumVisualStudioVersion = 10.0.40219.1
Project("{FAE04EC0-301F-11D3-BF4B-00C04F79EFBC}") = "MicroServiceExample", "MicroServiceExample\MicroServiceExample.csproj", "{31D19032-4537-440B-8D44-ACCE9AE6B7C0}"
EndProject
Global
	GlobalSection(SolutionConfigurationPlatforms) = preSolution
		Debug|Any CPU = Debug|Any CPU
		Release|Any CPU = Release|Any CPU
	EndGlobalSection
	GlobalSection(ProjectConfigurationPlatforms) = postSolution
		{31D19032-4537-440B-8D44-ACCE9AE6B7C0}.Debug|Any CPU.ActiveCfg = Debug|Any CPU
		{31D19032-4537-440B-8D44-ACCE9AE6B7C0}.Debug|Any CPU.Build.0 = Debug|Any CPU
		{31D19032-4537-440B-8D44-ACCE9AE6B7C0}.Release|Any CPU.ActiveCfg = Release|Any CPU
		{31D19032-4537-440B-8D44-ACCE9AE6B7C0}.Release|Any CPU.Build.0 = Release|Any CPU
	EndGlobalSection
	GlobalSection(SolutionProperties) = preSolution
		HideSolutionNode = FALSE
	EndGlobalSection
	GlobalSection(ExtensibilityGlobals) = postSolution
		SolutionGuid = {5F29CBDC-28ED-42BB-B67D-B4B0C4BD460F}
	EndGlobalSection
EndGlobal
